{
  "name": "example",
  "version": "1.0.0",
  "lockfileVersion": 1,
  "requires": true,
  "dependencies": {
    "@types/node": {
      "version": "8.0.17",
      "resolved": "https://registry.npmjs.org/@types/node/-/node-8.0.17.tgz",
      "integrity": "sha512-iq0LxqG6P9GV/2bVA2AQAQ58NvneLdVDVs9dJ+88Jk6gDK9opNC0SushdYqlAyvxo0dk0NJjTKCenq/l3AKtuA=="
    },
    "cross-spawn": {
      "version": "4.0.0",
      "resolved": "https://registry.npmjs.org/cross-spawn/-/cross-spawn-4.0.0.tgz",
      "integrity": "sha1-glR3SrR4a4xbPPTfumbOVjkywlI=",
      "requires": {
        "lru-cache": "4.1.1",
        "which": "1.2.14"
      }
    },
    "elm-static-html-lib": {
      "version": "0.0.3",
      "resolved": "https://registry.npmjs.org/elm-static-html-lib/-/elm-static-html-lib-0.0.3.tgz",
      "integrity": "sha512-r7xtYVoJi1spaPsgtxDajPEhKe6Fz09NSQI7+AwZh7TC2dZbMOUWm9OKwNbGkOva0VygaAlenPuolOsM2h3kUQ==",
      "requires": {
        "es6-promise": "4.1.1",
        "node-elm-compiler": "4.3.2"
      }
    },
    "es6-promise": {
      "version": "4.1.1",
      "resolved": "https://registry.npmjs.org/es6-promise/-/es6-promise-4.1.1.tgz",
      "integrity": "sha512-OaU1hHjgJf+b0NzsxCg7NdIYERD6Hy/PEmFLTjw+b65scuisG3Kt4QoTvJ66BBkPZ581gr0kpoVzKnxniM8nng=="
    },
    "find-elm-dependencies": {
      "version": "1.0.1",
      "resolved": "https://registry.npmjs.org/find-elm-dependencies/-/find-elm-dependencies-1.0.1.tgz",
      "integrity": "sha1-14yJ/znyPcZOF1hxyOhW5jXUiGA=",
      "requires": {
        "firstline": "1.2.0",
        "lodash": "4.14.2"
      }
    },
    "firstline": {
      "version": "1.2.0",
      "resolved": "https://registry.npmjs.org/firstline/-/firstline-1.2.0.tgz",
      "integrity": "sha1-yfSIbn9/vwr8EtcZQdzgaxkq6gU="
    },
    "isexe": {
      "version": "2.0.0",
      "resolved": "https://registry.npmjs.org/isexe/-/isexe-2.0.0.tgz",
      "integrity": "sha1-6PvzdNxVb/iUehDcsFctYz8s+hA="
    },
    "lodash": {
      "version": "4.14.2",
      "resolved": "https://registry.npmjs.org/lodash/-/lodash-4.14.2.tgz",
      "integrity": "sha1-u8zOY3OkAPv9CoxnykL20e9BZDI="
    },
    "lru-cache": {
      "version": "4.1.1",
      "resolved": "https://registry.npmjs.org/lru-cache/-/lru-cache-4.1.1.tgz",
      "integrity": "sha512-q4spe4KTfsAS1SUHLO0wz8Qiyf1+vMIAgpRYioFYDMNqKfHQbg+AVDH3i4fvpl71/P1L0dBl+fQi+P37UYf0ew==",
      "requires": {
        "pseudomap": "1.0.2",
        "yallist": "2.1.2"
      }
    },
    "node-elm-compiler": {
      "version": "4.3.2",
      "resolved": "https://registry.npmjs.org/node-elm-compiler/-/node-elm-compiler-4.3.2.tgz",
      "integrity": "sha1-/43syxnCnAN6+WTzfnxJtu/OHF4=",
      "requires": {
        "cross-spawn": "4.0.0",
        "find-elm-dependencies": "1.0.1",
        "lodash": "4.14.2",
        "temp": "0.8.3"
      }
    },
    "os-tmpdir": {
      "version": "1.0.2",
      "resolved": "https://registry.npmjs.org/os-tmpdir/-/os-tmpdir-1.0.2.tgz",
      "integrity": "sha1-u+Z0BseaqFxc/sdm/lc0VV36EnQ="
    },
    "pseudomap": {
      "version": "1.0.2",
      "resolved": "https://registry.npmjs.org/pseudomap/-/pseudomap-1.0.2.tgz",
      "integrity": "sha1-8FKijacOYYkX7wqKw0wa5aaChrM="
    },
    "rimraf": {
      "version": "2.2.8",
      "resolved": "https://registry.npmjs.org/rimraf/-/rimraf-2.2.8.tgz",
      "integrity": "sha1-5Dm+Kq7jJzIZUnMPmaiSnk/FBYI="
    },
    "temp": {
      "version": "0.8.3",
      "resolved": "https://registry.npmjs.org/temp/-/temp-0.8.3.tgz",
      "integrity": "sha1-4Ma8TSa5AxJEEOT+2BEDAU38H1k=",
      "requires": {
        "os-tmpdir": "1.0.2",
        "rimraf": "2.2.8"
      }
    },
    "which": {
      "version": "1.2.14",
      "resolved": "https://registry.npmjs.org/which/-/which-1.2.14.tgz",
      "integrity": "sha1-mofEN48D6CfOyvGs31bHNsAcFOU=",
      "requires": {
        "isexe": "2.0.0"
      }
    },
    "yallist": {
      "version": "2.1.2",
      "resolved": "https://registry.npmjs.org/yallist/-/yallist-2.1.2.tgz",
      "integrity": "sha1-HBH5IY8HYImkfdUS+TxmmaaoHVI="
    }
  }
}
